
Microsoft Visual Studio Solution File, Format Version 11.00
# Visual Studio 2010
Project("{FAE04EC0-301F-11D3-BF4B-00C04F79EFBC}") = "SharpMod", "SharpMod\SharpMod.csproj", "{FA7994EC-F092-4A21-AE72-CC775053017C}"
EndProject
Project("{2150E333-8FDC-42A3-9474-1A3956D46DE8}") = "Plugins", "Plugins", "{30454800-6DB0-4D68-8F11-C949534D536E}"
EndProject
Project("{FAE04EC0-301F-11D3-BF4B-00C04F79EFBC}") = "SharpMod.SwearFilter", "Plugins\SharpMod.SwearFilter\SharpMod.SwearFilter.csproj", "{B4DFEAAC-4BFE-412A-8AEC-4CE0D1D2379A}"
EndProject
Project("{FAE04EC0-301F-11D3-BF4B-00C04F79EFBC}") = "SharpMod.FieldInfo", "Plugins\SharpMod.FieldInfo\SharpMod.FieldInfo.csproj", "{53BB0109-0590-45EC-A895-B36016B9689C}"
EndProject
Project("{FAE04EC0-301F-11D3-BF4B-00C04F79EFBC}") = "SharpMod.Nextmap", "Plugins\SharpMod.Nextmap\SharpMod.Nextmap.csproj", "{2CDA552F-0BFF-4AEE-B713-EA78E478E781}"
EndProject
Project("{2150E333-8FDC-42A3-9474-1A3956D46DE8}") = "BaseSolutions", "BaseSolutions", "{3C873117-CC13-4F98-AB46-7E0A7756BD4E}"
EndProject
Project("{FAE04EC0-301F-11D3-BF4B-00C04F79EFBC}") = "SwearFilter", "BaseSolutions\SwearFilter\SwearFilter.csproj", "{AC102619-47DD-4A7F-BC52-8A7C03A639A0}"
EndProject
Project("{FAE04EC0-301F-11D3-BF4B-00C04F79EFBC}") = "SwearFilterConsole", "BaseSolutions\SwearFilterConsole\SwearFilterConsole.csproj", "{83E2C6D7-409B-4BF8-96BD-47480160FDD3}"
EndProject
Project("{FAE04EC0-301F-11D3-BF4B-00C04F79EFBC}") = "TextTools", "BaseSolutions\TextTools\TextTools.csproj", "{BADBD373-6538-4F67-92AC-BA43F89CC440}"
EndProject
Project("{FAE04EC0-301F-11D3-BF4B-00C04F79EFBC}") = "TextToolsConsole", "BaseSolutions\TextToolsConsole\TextToolsConsole.csproj", "{23166914-04AB-40EC-8780-8028A2CBD5A3}"
EndProject
Project("{FAE04EC0-301F-11D3-BF4B-00C04F79EFBC}") = "HLTools", "hltools\HLTools\HLTools.csproj", "{E5D928F5-B095-48F2-A5D2-65D228CE320E}"
EndProject
Project("{2150E333-8FDC-42A3-9474-1A3956D46DE8}") = "Extensions", "Extensions", "{A8E60C42-0DF0-43EE-BEBE-C69CD2AE487C}"
EndProject
Project("{FAE04EC0-301F-11D3-BF4B-00C04F79EFBC}") = "SharpMod.DProto", "Extensions\dproto\SharpMod.DProto.csproj", "{B3A157A1-64E0-4A67-A4D6-FE3F63FD2323}"
EndProject
Project("{2150E333-8FDC-42A3-9474-1A3956D46DE8}") = "Databases", "Databases", "{5D876F74-8FBC-45CD-82FA-909FCDE54334}"
EndProject
Project("{2150E333-8FDC-42A3-9474-1A3956D46DE8}") = "External", "External", "{EA0F2C61-4A1D-4EBA-BD99-1D77A5B6BD93}"
EndProject
Project("{FAE04EC0-301F-11D3-BF4B-00C04F79EFBC}") = "Psi", "External\psi\Psi\Psi.csproj", "{51240530-3278-44F8-8B60-98313B58C7A6}"
EndProject
Global
	GlobalSection(SolutionConfigurationPlatforms) = preSolution
		Debug|Any CPU = Debug|Any CPU
		Release|Any CPU = Release|Any CPU
	EndGlobalSection
	GlobalSection(ProjectConfigurationPlatforms) = postSolution
		{23166914-04AB-40EC-8780-8028A2CBD5A3}.Debug|Any CPU.ActiveCfg = Debug|Any CPU
		{23166914-04AB-40EC-8780-8028A2CBD5A3}.Debug|Any CPU.Build.0 = Debug|Any CPU
		{23166914-04AB-40EC-8780-8028A2CBD5A3}.Release|Any CPU.ActiveCfg = Release|Any CPU
		{23166914-04AB-40EC-8780-8028A2CBD5A3}.Release|Any CPU.Build.0 = Release|Any CPU
		{2CDA552F-0BFF-4AEE-B713-EA78E478E781}.Debug|Any CPU.ActiveCfg = Debug|Any CPU
		{2CDA552F-0BFF-4AEE-B713-EA78E478E781}.Debug|Any CPU.Build.0 = Debug|Any CPU
		{2CDA552F-0BFF-4AEE-B713-EA78E478E781}.Release|Any CPU.ActiveCfg = Release|Any CPU
		{2CDA552F-0BFF-4AEE-B713-EA78E478E781}.Release|Any CPU.Build.0 = Release|Any CPU
		{51240530-3278-44F8-8B60-98313B58C7A6}.Debug|Any CPU.ActiveCfg = Debug|Any CPU
		{51240530-3278-44F8-8B60-98313B58C7A6}.Debug|Any CPU.Build.0 = Debug|Any CPU
		{51240530-3278-44F8-8B60-98313B58C7A6}.Release|Any CPU.ActiveCfg = Release|Any CPU
		{51240530-3278-44F8-8B60-98313B58C7A6}.Release|Any CPU.Build.0 = Release|Any CPU
		{53BB0109-0590-45EC-A895-B36016B9689C}.Debug|Any CPU.ActiveCfg = Debug|Any CPU
		{53BB0109-0590-45EC-A895-B36016B9689C}.Debug|Any CPU.Build.0 = Debug|Any CPU
		{53BB0109-0590-45EC-A895-B36016B9689C}.Release|Any CPU.ActiveCfg = Release|Any CPU
		{53BB0109-0590-45EC-A895-B36016B9689C}.Release|Any CPU.Build.0 = Release|Any CPU
		{83E2C6D7-409B-4BF8-96BD-47480160FDD3}.Debug|Any CPU.ActiveCfg = Debug|Any CPU
		{83E2C6D7-409B-4BF8-96BD-47480160FDD3}.Debug|Any CPU.Build.0 = Debug|Any CPU
		{83E2C6D7-409B-4BF8-96BD-47480160FDD3}.Release|Any CPU.ActiveCfg = Release|Any CPU
		{83E2C6D7-409B-4BF8-96BD-47480160FDD3}.Release|Any CPU.Build.0 = Release|Any CPU
		{AC102619-47DD-4A7F-BC52-8A7C03A639A0}.Debug|Any CPU.ActiveCfg = Debug|Any CPU
		{AC102619-47DD-4A7F-BC52-8A7C03A639A0}.Debug|Any CPU.Build.0 = Debug|Any CPU
		{AC102619-47DD-4A7F-BC52-8A7C03A639A0}.Release|Any CPU.ActiveCfg = Release|Any CPU
		{AC102619-47DD-4A7F-BC52-8A7C03A639A0}.Release|Any CPU.Build.0 = Release|Any CPU
		{B3A157A1-64E0-4A67-A4D6-FE3F63FD2323}.Debug|Any CPU.ActiveCfg = Debug|Any CPU
		{B3A157A1-64E0-4A67-A4D6-FE3F63FD2323}.Debug|Any CPU.Build.0 = Debug|Any CPU
		{B3A157A1-64E0-4A67-A4D6-FE3F63FD2323}.Release|Any CPU.ActiveCfg = Release|Any CPU
		{B3A157A1-64E0-4A67-A4D6-FE3F63FD2323}.Release|Any CPU.Build.0 = Release|Any CPU
		{B4DFEAAC-4BFE-412A-8AEC-4CE0D1D2379A}.Debug|Any CPU.ActiveCfg = Debug|Any CPU
		{B4DFEAAC-4BFE-412A-8AEC-4CE0D1D2379A}.Debug|Any CPU.Build.0 = Debug|Any CPU
		{B4DFEAAC-4BFE-412A-8AEC-4CE0D1D2379A}.Release|Any CPU.ActiveCfg = Release|Any CPU
		{B4DFEAAC-4BFE-412A-8AEC-4CE0D1D2379A}.Release|Any CPU.Build.0 = Release|Any CPU
		{BADBD373-6538-4F67-92AC-BA43F89CC440}.Debug|Any CPU.ActiveCfg = Debug|Any CPU
		{BADBD373-6538-4F67-92AC-BA43F89CC440}.Debug|Any CPU.Build.0 = Debug|Any CPU
		{BADBD373-6538-4F67-92AC-BA43F89CC440}.Release|Any CPU.ActiveCfg = Release|Any CPU
		{BADBD373-6538-4F67-92AC-BA43F89CC440}.Release|Any CPU.Build.0 = Release|Any CPU
		{E5D928F5-B095-48F2-A5D2-65D228CE320E}.Debug|Any CPU.ActiveCfg = Debug|Any CPU
		{E5D928F5-B095-48F2-A5D2-65D228CE320E}.Debug|Any CPU.Build.0 = Debug|Any CPU
		{E5D928F5-B095-48F2-A5D2-65D228CE320E}.Release|Any CPU.ActiveCfg = Release|Any CPU
		{E5D928F5-B095-48F2-A5D2-65D228CE320E}.Release|Any CPU.Build.0 = Release|Any CPU
		{FA7994EC-F092-4A21-AE72-CC775053017C}.Debug|Any CPU.ActiveCfg = Debug|Any CPU
		{FA7994EC-F092-4A21-AE72-CC775053017C}.Debug|Any CPU.Build.0 = Debug|Any CPU
		{FA7994EC-F092-4A21-AE72-CC775053017C}.Release|Any CPU.ActiveCfg = Release|Any CPU
		{FA7994EC-F092-4A21-AE72-CC775053017C}.Release|Any CPU.Build.0 = Release|Any CPU
	EndGlobalSection
	GlobalSection(NestedProjects) = preSolution
		{B4DFEAAC-4BFE-412A-8AEC-4CE0D1D2379A} = {30454800-6DB0-4D68-8F11-C949534D536E}
		{53BB0109-0590-45EC-A895-B36016B9689C} = {30454800-6DB0-4D68-8F11-C949534D536E}
		{2CDA552F-0BFF-4AEE-B713-EA78E478E781} = {30454800-6DB0-4D68-8F11-C949534D536E}
		{AC102619-47DD-4A7F-BC52-8A7C03A639A0} = {3C873117-CC13-4F98-AB46-7E0A7756BD4E}
		{83E2C6D7-409B-4BF8-96BD-47480160FDD3} = {3C873117-CC13-4F98-AB46-7E0A7756BD4E}
		{BADBD373-6538-4F67-92AC-BA43F89CC440} = {3C873117-CC13-4F98-AB46-7E0A7756BD4E}
		{23166914-04AB-40EC-8780-8028A2CBD5A3} = {3C873117-CC13-4F98-AB46-7E0A7756BD4E}
		{E5D928F5-B095-48F2-A5D2-65D228CE320E} = {3C873117-CC13-4F98-AB46-7E0A7756BD4E}
		{B3A157A1-64E0-4A67-A4D6-FE3F63FD2323} = {A8E60C42-0DF0-43EE-BEBE-C69CD2AE487C}
		{51240530-3278-44F8-8B60-98313B58C7A6} = {EA0F2C61-4A1D-4EBA-BD99-1D77A5B6BD93}
	EndGlobalSection
	GlobalSection(MonoDevelopProperties) = preSolution
		StartupItem = SharpMod\SharpMod.csproj
		Policies = $0
		$0.TextStylePolicy = $1
		$1.FileWidth = 120
		$1.TabsToSpaces = False
		$1.NoTabsAfterNonTabs = True
		$1.inheritsSet = VisualStudio
		$1.inheritsScope = text/plain
		$1.scope = text/plain
		$0.TextStylePolicy = $2
		$2.inheritsSet = null
		$2.scope = text/x-csharp
		$0.CSharpFormattingPolicy = $3
		$3.BeforeMethodDeclarationParentheses = False
		$3.BeforeMethodCallParentheses = False
		$3.BeforeConstructorDeclarationParentheses = False
		$3.BeforeDelegateDeclarationParentheses = False
		$3.NewParentheses = False
		$3.inheritsSet = Mono
		$3.inheritsScope = text/x-csharp
		$3.scope = text/x-csharp
		$0.StandardHeader = $4
		$4.Text = 
		$4.IncludeInNewFiles = False
		$0.TextStylePolicy = $5
		$5.inheritsSet = null
		$5.scope = application/xml
		$0.XmlFormattingPolicy = $6
		$6.inheritsSet = Mono
		$6.inheritsScope = application/xml
		$6.scope = application/xml
		$0.DotNetNamingPolicy = $7
		$7.DirectoryNamespaceAssociation = None
		$7.ResourceNamePolicy = FileFormatDefault
		$0.NameConventionPolicy = $8
		$8.Rules = $9
		$9.NamingRule = $10
		$10.Name = Namespaces
		$10.AffectedEntity = Namespace
		$10.VisibilityMask = VisibilityMask
		$10.NamingStyle = PascalCase
		$10.IncludeInstanceMembers = True
		$10.IncludeStaticEntities = True
		$9.NamingRule = $11
		$11.Name = Types
		$11.AffectedEntity = Class, Struct, Enum, Delegate
		$11.VisibilityMask = VisibilityMask
		$11.NamingStyle = PascalCase
		$11.IncludeInstanceMembers = True
		$11.IncludeStaticEntities = True
		$9.NamingRule = $12
		$12.Name = Interfaces
		$12.RequiredPrefixes = $13
		$13.String = I
		$12.AffectedEntity = Interface
		$12.VisibilityMask = VisibilityMask
		$12.NamingStyle = PascalCase
		$12.IncludeInstanceMembers = True
		$12.IncludeStaticEntities = True
		$9.NamingRule = $14
		$14.Name = Attributes
		$14.RequiredSuffixes = $15
		$15.String = Attribute
		$14.AffectedEntity = CustomAttributes
		$14.VisibilityMask = VisibilityMask
		$14.NamingStyle = PascalCase
		$14.IncludeInstanceMembers = True
		$14.IncludeStaticEntities = True
		$9.NamingRule = $16
		$16.Name = Event Arguments
		$16.RequiredSuffixes = $17
		$17.String = EventArgs
		$16.AffectedEntity = CustomEventArgs
		$16.VisibilityMask = VisibilityMask
		$16.NamingStyle = PascalCase
		$16.IncludeInstanceMembers = True
		$16.IncludeStaticEntities = True
		$9.NamingRule = $18
		$18.Name = Exceptions
		$18.RequiredSuffixes = $19
		$19.String = Exception
		$18.AffectedEntity = CustomExceptions
		$18.VisibilityMask = VisibilityMask
		$18.NamingStyle = PascalCase
		$18.IncludeInstanceMembers = True
		$18.IncludeStaticEntities = True
		$9.NamingRule = $20
		$20.Name = Methods
		$20.AffectedEntity = Methods
		$20.VisibilityMask = VisibilityMask
		$20.NamingStyle = PascalCase
		$20.IncludeInstanceMembers = True
		$20.IncludeStaticEntities = True
		$9.NamingRule = $21
		$21.Name = Static Readonly Fields
		$21.AffectedEntity = ReadonlyField
		$21.VisibilityMask = Internal, Protected, Public
		$21.NamingStyle = PascalCase
		$21.IncludeInstanceMembers = False
		$21.IncludeStaticEntities = True
		$9.NamingRule = $22
		$22.Name = Fields (Non Private)
		$22.AffectedEntity = Field
		$22.VisibilityMask = Internal, Protected, Public
		$22.NamingStyle = PascalCase
		$22.IncludeInstanceMembers = True
		$22.IncludeStaticEntities = True
		$9.NamingRule = $23
		$23.Name = ReadOnly Fields (Non Private)
		$23.AffectedEntity = ReadonlyField
		$23.VisibilityMask = Internal, Protected, Public
		$23.NamingStyle = PascalCase
		$23.IncludeInstanceMembers = True
		$23.IncludeStaticEntities = False
		$9.NamingRule = $24
		$24.Name = Fields (Private)
		$24.AllowedPrefixes = $25
		$25.String = _
		$25.String = m_
		$24.AffectedEntity = Field, ReadonlyField
		$24.VisibilityMask = Private
		$24.NamingStyle = CamelCase
		$24.IncludeInstanceMembers = True
		$24.IncludeStaticEntities = False
		$9.NamingRule = $26
		$26.Name = Static Fields (Private)
		$26.AffectedEntity = Field
		$26.VisibilityMask = Private
		$26.NamingStyle = CamelCase
		$26.IncludeInstanceMembers = False
		$26.IncludeStaticEntities = True
		$9.NamingRule = $27
		$27.Name = ReadOnly Fields (Private)
		$27.AllowedPrefixes = $28
		$28.String = _
		$28.String = m_
		$27.AffectedEntity = ReadonlyField
		$27.VisibilityMask = Private
		$27.NamingStyle = CamelCase
		$27.IncludeInstanceMembers = True
		$27.IncludeStaticEntities = False
		$9.NamingRule = $29
		$29.Name = Constant Fields
		$29.AffectedEntity = ConstantField
		$29.VisibilityMask = VisibilityMask
		$29.NamingStyle = PascalCase
		$29.IncludeInstanceMembers = True
		$29.IncludeStaticEntities = True
		$9.NamingRule = $30
		$30.Name = Properties
		$30.AffectedEntity = Property
		$30.VisibilityMask = VisibilityMask
		$30.NamingStyle = PascalCase
		$30.IncludeInstanceMembers = True
		$30.IncludeStaticEntities = True
		$9.NamingRule = $31
		$31.Name = Events
		$31.AffectedEntity = Event
		$31.VisibilityMask = VisibilityMask
		$31.NamingStyle = PascalCase
		$31.IncludeInstanceMembers = True
		$31.IncludeStaticEntities = True
		$9.NamingRule = $32
		$32.Name = Enum Members
		$32.AffectedEntity = EnumMember
		$32.VisibilityMask = VisibilityMask
		$32.NamingStyle = PascalCase
		$32.IncludeInstanceMembers = True
		$32.IncludeStaticEntities = True
		$9.NamingRule = $33
		$33.Name = Parameters
		$33.AffectedEntity = Parameter
		$33.VisibilityMask = VisibilityMask
		$33.NamingStyle = CamelCase
		$33.IncludeInstanceMembers = True
		$33.IncludeStaticEntities = True
		$9.NamingRule = $34
		$34.Name = Type Parameters
		$34.RequiredPrefixes = $35
		$35.String = T
		$34.AffectedEntity = TypeParameter
		$34.VisibilityMask = VisibilityMask
		$34.NamingStyle = PascalCase
		$34.IncludeInstanceMembers = True
		$34.IncludeStaticEntities = True
		$0.VersionControlPolicy = $36
		$36.inheritsSet = Mono
		$0.ChangeLogPolicy = $37
		$37.UpdateMode = None
		$37.MessageStyle = $38
		$38.LineAlign = 0
		$37.inheritsSet = Mono
		outputpath = ..\bin
	EndGlobalSection
EndGlobal
