
Microsoft Visual Studio Solution File, Format Version 11.00
# Visual Studio 2010
Project("{FAE04EC0-301F-11D3-BF4B-00C04F79EFBC}") = "SharpMod", "SharpMod\SharpMod.csproj", "{FA7994EC-F092-4A21-AE72-CC775053017C}"
EndProject
Project("{2150E333-8FDC-42A3-9474-1A3956D46DE8}") = "Plugins", "Plugins", "{30454800-6DB0-4D68-8F11-C949534D536E}"
EndProject
Project("{FAE04EC0-301F-11D3-BF4B-00C04F79EFBC}") = "SharpMod.SwearFilter", "Plugins\SharpMod.SwearFilter\SharpMod.SwearFilter.csproj", "{B4DFEAAC-4BFE-412A-8AEC-4CE0D1D2379A}"
EndProject
Project("{FAE04EC0-301F-11D3-BF4B-00C04F79EFBC}") = "SharpMod.InteractiveCSharp", "Plugins\SharpMod.InteractiveCSharp\SharpMod.InteractiveCSharp.csproj", "{85B9BE88-4B5E-4615-B8E5-48B25735306C}"
EndProject
Project("{FAE04EC0-301F-11D3-BF4B-00C04F79EFBC}") = "SharpMod.FieldInfo", "Plugins\SharpMod.FieldInfo\SharpMod.FieldInfo.csproj", "{53BB0109-0590-45EC-A895-B36016B9689C}"
EndProject
Project("{FAE04EC0-301F-11D3-BF4B-00C04F79EFBC}") = "SharpMod.Nextmap", "Plugins\SharpMod.Nextmap\SharpMod.Nextmap.csproj", "{2CDA552F-0BFF-4AEE-B713-EA78E478E781}"
EndProject
Project("{2150E333-8FDC-42A3-9474-1A3956D46DE8}") = "BaseSolutions", "BaseSolutions", "{3C873117-CC13-4F98-AB46-7E0A7756BD4E}"
EndProject
Project("{FAE04EC0-301F-11D3-BF4B-00C04F79EFBC}") = "SwearFilter", "BaseSolutions\SwearFilter\SwearFilter.csproj", "{AC102619-47DD-4A7F-BC52-8A7C03A639A0}"
EndProject
Project("{FAE04EC0-301F-11D3-BF4B-00C04F79EFBC}") = "SwearFilterConsole", "BaseSolutions\SwearFilterConsole\SwearFilterConsole.csproj", "{83E2C6D7-409B-4BF8-96BD-47480160FDD3}"
EndProject
Project("{FAE04EC0-301F-11D3-BF4B-00C04F79EFBC}") = "TextTools", "BaseSolutions\TextTools\TextTools.csproj", "{BADBD373-6538-4F67-92AC-BA43F89CC440}"
EndProject
Project("{FAE04EC0-301F-11D3-BF4B-00C04F79EFBC}") = "TextToolsConsole", "BaseSolutions\TextToolsConsole\TextToolsConsole.csproj", "{23166914-04AB-40EC-8780-8028A2CBD5A3}"
EndProject
Project("{2150E333-8FDC-42A3-9474-1A3956D46DE8}") = "Extensions", "Extensions", "{A8E60C42-0DF0-43EE-BEBE-C69CD2AE487C}"
EndProject
Project("{FAE04EC0-301F-11D3-BF4B-00C04F79EFBC}") = "SharpMod.DProto", "Extensions\dproto\SharpMod.DProto.csproj", "{B3A157A1-64E0-4A67-A4D6-FE3F63FD2323}"
EndProject
Global
	GlobalSection(SolutionConfigurationPlatforms) = preSolution
		Debug|Any CPU = Debug|Any CPU
		Release|Any CPU = Release|Any CPU
	EndGlobalSection
	GlobalSection(ProjectConfigurationPlatforms) = postSolution
		{23166914-04AB-40EC-8780-8028A2CBD5A3}.Debug|Any CPU.ActiveCfg = Debug|Any CPU
		{23166914-04AB-40EC-8780-8028A2CBD5A3}.Debug|Any CPU.Build.0 = Debug|Any CPU
		{23166914-04AB-40EC-8780-8028A2CBD5A3}.Release|Any CPU.ActiveCfg = Release|Any CPU
		{23166914-04AB-40EC-8780-8028A2CBD5A3}.Release|Any CPU.Build.0 = Release|Any CPU
		{2CDA552F-0BFF-4AEE-B713-EA78E478E781}.Debug|Any CPU.ActiveCfg = Debug|Any CPU
		{2CDA552F-0BFF-4AEE-B713-EA78E478E781}.Debug|Any CPU.Build.0 = Debug|Any CPU
		{2CDA552F-0BFF-4AEE-B713-EA78E478E781}.Release|Any CPU.ActiveCfg = Release|Any CPU
		{2CDA552F-0BFF-4AEE-B713-EA78E478E781}.Release|Any CPU.Build.0 = Release|Any CPU
		{53BB0109-0590-45EC-A895-B36016B9689C}.Debug|Any CPU.ActiveCfg = Debug|Any CPU
		{53BB0109-0590-45EC-A895-B36016B9689C}.Debug|Any CPU.Build.0 = Debug|Any CPU
		{53BB0109-0590-45EC-A895-B36016B9689C}.Release|Any CPU.ActiveCfg = Release|Any CPU
		{53BB0109-0590-45EC-A895-B36016B9689C}.Release|Any CPU.Build.0 = Release|Any CPU
		{83E2C6D7-409B-4BF8-96BD-47480160FDD3}.Debug|Any CPU.ActiveCfg = Debug|Any CPU
		{83E2C6D7-409B-4BF8-96BD-47480160FDD3}.Debug|Any CPU.Build.0 = Debug|Any CPU
		{83E2C6D7-409B-4BF8-96BD-47480160FDD3}.Release|Any CPU.ActiveCfg = Release|Any CPU
		{83E2C6D7-409B-4BF8-96BD-47480160FDD3}.Release|Any CPU.Build.0 = Release|Any CPU
		{85B9BE88-4B5E-4615-B8E5-48B25735306C}.Debug|Any CPU.ActiveCfg = Debug|Any CPU
		{85B9BE88-4B5E-4615-B8E5-48B25735306C}.Debug|Any CPU.Build.0 = Debug|Any CPU
		{85B9BE88-4B5E-4615-B8E5-48B25735306C}.Release|Any CPU.ActiveCfg = Release|Any CPU
		{85B9BE88-4B5E-4615-B8E5-48B25735306C}.Release|Any CPU.Build.0 = Release|Any CPU
		{AC102619-47DD-4A7F-BC52-8A7C03A639A0}.Debug|Any CPU.ActiveCfg = Debug|Any CPU
		{AC102619-47DD-4A7F-BC52-8A7C03A639A0}.Debug|Any CPU.Build.0 = Debug|Any CPU
		{AC102619-47DD-4A7F-BC52-8A7C03A639A0}.Release|Any CPU.ActiveCfg = Release|Any CPU
		{AC102619-47DD-4A7F-BC52-8A7C03A639A0}.Release|Any CPU.Build.0 = Release|Any CPU
		{B3A157A1-64E0-4A67-A4D6-FE3F63FD2323}.Debug|Any CPU.ActiveCfg = Debug|Any CPU
		{B3A157A1-64E0-4A67-A4D6-FE3F63FD2323}.Debug|Any CPU.Build.0 = Debug|Any CPU
		{B3A157A1-64E0-4A67-A4D6-FE3F63FD2323}.Release|Any CPU.ActiveCfg = Release|Any CPU
		{B3A157A1-64E0-4A67-A4D6-FE3F63FD2323}.Release|Any CPU.Build.0 = Release|Any CPU
		{B4DFEAAC-4BFE-412A-8AEC-4CE0D1D2379A}.Debug|Any CPU.ActiveCfg = Debug|Any CPU
		{B4DFEAAC-4BFE-412A-8AEC-4CE0D1D2379A}.Debug|Any CPU.Build.0 = Debug|Any CPU
		{B4DFEAAC-4BFE-412A-8AEC-4CE0D1D2379A}.Release|Any CPU.ActiveCfg = Release|Any CPU
		{B4DFEAAC-4BFE-412A-8AEC-4CE0D1D2379A}.Release|Any CPU.Build.0 = Release|Any CPU
		{BADBD373-6538-4F67-92AC-BA43F89CC440}.Debug|Any CPU.ActiveCfg = Debug|Any CPU
		{BADBD373-6538-4F67-92AC-BA43F89CC440}.Debug|Any CPU.Build.0 = Debug|Any CPU
		{BADBD373-6538-4F67-92AC-BA43F89CC440}.Release|Any CPU.ActiveCfg = Release|Any CPU
		{BADBD373-6538-4F67-92AC-BA43F89CC440}.Release|Any CPU.Build.0 = Release|Any CPU
		{FA7994EC-F092-4A21-AE72-CC775053017C}.Debug|Any CPU.ActiveCfg = Debug|Any CPU
		{FA7994EC-F092-4A21-AE72-CC775053017C}.Debug|Any CPU.Build.0 = Debug|Any CPU
		{FA7994EC-F092-4A21-AE72-CC775053017C}.Release|Any CPU.ActiveCfg = Release|Any CPU
		{FA7994EC-F092-4A21-AE72-CC775053017C}.Release|Any CPU.Build.0 = Release|Any CPU
	EndGlobalSection
	GlobalSection(NestedProjects) = preSolution
		{B4DFEAAC-4BFE-412A-8AEC-4CE0D1D2379A} = {30454800-6DB0-4D68-8F11-C949534D536E}
		{85B9BE88-4B5E-4615-B8E5-48B25735306C} = {30454800-6DB0-4D68-8F11-C949534D536E}
		{53BB0109-0590-45EC-A895-B36016B9689C} = {30454800-6DB0-4D68-8F11-C949534D536E}
		{2CDA552F-0BFF-4AEE-B713-EA78E478E781} = {30454800-6DB0-4D68-8F11-C949534D536E}
		{AC102619-47DD-4A7F-BC52-8A7C03A639A0} = {3C873117-CC13-4F98-AB46-7E0A7756BD4E}
		{83E2C6D7-409B-4BF8-96BD-47480160FDD3} = {3C873117-CC13-4F98-AB46-7E0A7756BD4E}
		{BADBD373-6538-4F67-92AC-BA43F89CC440} = {3C873117-CC13-4F98-AB46-7E0A7756BD4E}
		{23166914-04AB-40EC-8780-8028A2CBD5A3} = {3C873117-CC13-4F98-AB46-7E0A7756BD4E}
		{B3A157A1-64E0-4A67-A4D6-FE3F63FD2323} = {A8E60C42-0DF0-43EE-BEBE-C69CD2AE487C}
	EndGlobalSection
	GlobalSection(MonoDevelopProperties) = preSolution
		StartupItem = SharpMod\SharpMod.csproj
		Policies = $0
		$0.TextStylePolicy = $1
		$1.FileWidth = 120
		$1.TabWidth = 4
		$1.inheritsSet = Mono
		$1.inheritsScope = text/plain
		$1.scope = text/plain
		$0.TextStylePolicy = $2
		$2.FileWidth = 120
		$2.TabWidth = 2
		$2.NoTabsAfterNonTabs = True
		$2.RemoveTrailingWhitespace = True
		$2.inheritsSet = VisualStudio
		$2.inheritsScope = text/plain
		$2.scope = text/x-csharp
		$0.CSharpFormattingPolicy = $3
		$3.inheritsSet = Mono
		$3.inheritsScope = text/x-csharp
		$3.scope = text/x-csharp
		$0.StandardHeader = $4
		$4.Text = @\n    This file is part of sharpmod.\n    sharpmod is a metamod plugin which enables you to write plugins\n    for Valve GoldSrc using .NET programms.\n\n    Copyright (C) 2010  Andrius Bentkus\n\n    csharpmod is free software: you can redistribute it and/or modify\n    it under the terms of the GNU General Public License as published by\n    the Free Software Foundation, either version 3 of the License, or\n    (at your option) any later version.\n\n    csharpmod is distributed in the hope that it will be useful,\n    but WITHOUT ANY WARRANTY; without even the implied warranty of\n    MERCHANTABILITY or FITNESS FOR A PARTICULAR PURPOSE.  See the\n    GNU General Public License for more details.\n\n    You should have received a copy of the GNU General Public License\n    along with csharpmod.  If not, see <http://www.gnu.org/licenses/>.\n
		$4.inheritsSet = Apache2License
		outputpath = ..\bin
	EndGlobalSection
EndGlobal
